
Microsoft Visual Studio Solution File, Format Version 11.00
# Visual Studio 2010
Project("{FAE04EC0-301F-11D3-BF4B-00C04F79EFBC}") = "Biblioteca", "Biblioteca\Biblioteca.csproj", "{AE2B37F0-3DB4-4BF5-8840-6E66214778A3}"
EndProject
Project("{FAE04EC0-301F-11D3-BF4B-00C04F79EFBC}") = "Tester", "Tester\Tester.csproj", "{01194D84-BAF1-4B46-9BB9-093E66088BC0}"
EndProject
Project("{FAE04EC0-301F-11D3-BF4B-00C04F79EFBC}") = "Vista", "Vista\Vista.csproj", "{B69F9FBE-072C-42B0-B5F8-89D8005BD707}"
EndProject
Global
	GlobalSection(SolutionConfigurationPlatforms) = preSolution
		Debug|Any CPU = Debug|Any CPU
		Debug|Mixed Platforms = Debug|Mixed Platforms
		Debug|x86 = Debug|x86
		Release|Any CPU = Release|Any CPU
		Release|Mixed Platforms = Release|Mixed Platforms
		Release|x86 = Release|x86
	EndGlobalSection
	GlobalSection(ProjectConfigurationPlatforms) = postSolution
		{AE2B37F0-3DB4-4BF5-8840-6E66214778A3}.Debug|Any CPU.ActiveCfg = Debug|Any CPU
		{AE2B37F0-3DB4-4BF5-8840-6E66214778A3}.Debug|Any CPU.Build.0 = Debug|Any CPU
		{AE2B37F0-3DB4-4BF5-8840-6E66214778A3}.Debug|Mixed Platforms.ActiveCfg = Debug|Any CPU
		{AE2B37F0-3DB4-4BF5-8840-6E66214778A3}.Debug|Mixed Platforms.Build.0 = Debug|Any CPU
		{AE2B37F0-3DB4-4BF5-8840-6E66214778A3}.Debug|x86.ActiveCfg = Debug|Any CPU
		{AE2B37F0-3DB4-4BF5-8840-6E66214778A3}.Release|Any CPU.ActiveCfg = Release|Any CPU
		{AE2B37F0-3DB4-4BF5-8840-6E66214778A3}.Release|Any CPU.Build.0 = Release|Any CPU
		{AE2B37F0-3DB4-4BF5-8840-6E66214778A3}.Release|Mixed Platforms.ActiveCfg = Release|Any CPU
		{AE2B37F0-3DB4-4BF5-8840-6E66214778A3}.Release|Mixed Platforms.Build.0 = Release|Any CPU
		{AE2B37F0-3DB4-4BF5-8840-6E66214778A3}.Release|x86.ActiveCfg = Release|Any CPU
		{01194D84-BAF1-4B46-9BB9-093E66088BC0}.Debug|Any CPU.ActiveCfg = Debug|x86
		{01194D84-BAF1-4B46-9BB9-093E66088BC0}.Debug|Mixed Platforms.ActiveCfg = Debug|x86
		{01194D84-BAF1-4B46-9BB9-093E66088BC0}.Debug|Mixed Platforms.Build.0 = Debug|x86
		{01194D84-BAF1-4B46-9BB9-093E66088BC0}.Debug|x86.ActiveCfg = Debug|x86
		{01194D84-BAF1-4B46-9BB9-093E66088BC0}.Debug|x86.Build.0 = Debug|x86
		{01194D84-BAF1-4B46-9BB9-093E66088BC0}.Release|Any CPU.ActiveCfg = Release|x86
		{01194D84-BAF1-4B46-9BB9-093E66088BC0}.Release|Mixed Platforms.ActiveCfg = Release|x86
		{01194D84-BAF1-4B46-9BB9-093E66088BC0}.Release|Mixed Platforms.Build.0 = Release|x86
		{01194D84-BAF1-4B46-9BB9-093E66088BC0}.Release|x86.ActiveCfg = Release|x86
		{01194D84-BAF1-4B46-9BB9-093E66088BC0}.Release|x86.Build.0 = Release|x86
		{B69F9FBE-072C-42B0-B5F8-89D8005BD707}.Debug|Any CPU.ActiveCfg = Debug|x86
		{B69F9FBE-072C-42B0-B5F8-89D8005BD707}.Debug|Mixed Platforms.ActiveCfg = Debug|x86
		{B69F9FBE-072C-42B0-B5F8-89D8005BD707}.Debug|Mixed Platforms.Build.0 = Debug|x86
		{B69F9FBE-072C-42B0-B5F8-89D8005BD707}.Debug|x86.ActiveCfg = Debug|x86
		{B69F9FBE-072C-42B0-B5F8-89D8005BD707}.Debug|x86.Build.0 = Debug|x86
		{B69F9FBE-072C-42B0-B5F8-89D8005BD707}.Release|Any CPU.ActiveCfg = Release|x86
		{B69F9FBE-072C-42B0-B5F8-89D8005BD707}.Release|Mixed Platforms.ActiveCfg = Release|x86
		{B69F9FBE-072C-42B0-B5F8-89D8005BD707}.Release|Mixed Platforms.Build.0 = Release|x86
		{B69F9FBE-072C-42B0-B5F8-89D8005BD707}.Release|x86.ActiveCfg = Release|x86
		{B69F9FBE-072C-42B0-B5F8-89D8005BD707}.Release|x86.Build.0 = Release|x86
	EndGlobalSection
	GlobalSection(SolutionProperties) = preSolution
		HideSolutionNode = FALSE
	EndGlobalSection
EndGlobal
