
Microsoft Visual Studio Solution File, Format Version 11.00
# Visual Studio 2010
Project("{FAE04EC0-301F-11D3-BF4B-00C04F79EFBC}") = "Proyecto Clase 3", "Proyecto Clase 3\Proyecto Clase 3.csproj", "{E828846E-82DB-4F9D-885F-6BDBD24ADEE6}"
EndProject
Global
	GlobalSection(SolutionConfigurationPlatforms) = preSolution
		Debug|x86 = Debug|x86
		Release|x86 = Release|x86
	EndGlobalSection
	GlobalSection(ProjectConfigurationPlatforms) = postSolution
		{E828846E-82DB-4F9D-885F-6BDBD24ADEE6}.Debug|x86.ActiveCfg = Debug|x86
		{E828846E-82DB-4F9D-885F-6BDBD24ADEE6}.Debug|x86.Build.0 = Debug|x86
		{E828846E-82DB-4F9D-885F-6BDBD24ADEE6}.Release|x86.ActiveCfg = Release|x86
		{E828846E-82DB-4F9D-885F-6BDBD24ADEE6}.Release|x86.Build.0 = Release|x86
	EndGlobalSection
	GlobalSection(SolutionProperties) = preSolution
		HideSolutionNode = FALSE
	EndGlobalSection
EndGlobal
