
Microsoft Visual Studio Solution File, Format Version 11.00
# Visual Studio 2010
Project("{FAE04EC0-301F-11D3-BF4B-00C04F79EFBC}") = "BIBLIOTECA", "BIBLIOTECA\BIBLIOTECA.csproj", "{1310B32E-08AD-4F88-9529-7CA695F70B08}"
EndProject
Project("{FAE04EC0-301F-11D3-BF4B-00C04F79EFBC}") = "CONTROLADOR", "CONTROLADOR\CONTROLADOR.csproj", "{62DAA786-6B51-4201-B7E8-0A4C6850284A}"
EndProject
Project("{FAE04EC0-301F-11D3-BF4B-00C04F79EFBC}") = "Test", "Test\Test.csproj", "{3883AF59-230E-42F5-B909-91BA232DA006}"
EndProject
Project("{FAE04EC0-301F-11D3-BF4B-00C04F79EFBC}") = "Vista", "Vista\Vista.csproj", "{DF16F702-5CCA-4034-BB2C-41AB7CF42146}"
EndProject
Global
	GlobalSection(SolutionConfigurationPlatforms) = preSolution
		Debug|Any CPU = Debug|Any CPU
		Debug|Mixed Platforms = Debug|Mixed Platforms
		Debug|x86 = Debug|x86
		Release|Any CPU = Release|Any CPU
		Release|Mixed Platforms = Release|Mixed Platforms
		Release|x86 = Release|x86
	EndGlobalSection
	GlobalSection(ProjectConfigurationPlatforms) = postSolution
		{1310B32E-08AD-4F88-9529-7CA695F70B08}.Debug|Any CPU.ActiveCfg = Debug|Any CPU
		{1310B32E-08AD-4F88-9529-7CA695F70B08}.Debug|Any CPU.Build.0 = Debug|Any CPU
		{1310B32E-08AD-4F88-9529-7CA695F70B08}.Debug|Mixed Platforms.ActiveCfg = Debug|Any CPU
		{1310B32E-08AD-4F88-9529-7CA695F70B08}.Debug|Mixed Platforms.Build.0 = Debug|Any CPU
		{1310B32E-08AD-4F88-9529-7CA695F70B08}.Debug|x86.ActiveCfg = Debug|Any CPU
		{1310B32E-08AD-4F88-9529-7CA695F70B08}.Release|Any CPU.ActiveCfg = Release|Any CPU
		{1310B32E-08AD-4F88-9529-7CA695F70B08}.Release|Any CPU.Build.0 = Release|Any CPU
		{1310B32E-08AD-4F88-9529-7CA695F70B08}.Release|Mixed Platforms.ActiveCfg = Release|Any CPU
		{1310B32E-08AD-4F88-9529-7CA695F70B08}.Release|Mixed Platforms.Build.0 = Release|Any CPU
		{1310B32E-08AD-4F88-9529-7CA695F70B08}.Release|x86.ActiveCfg = Release|Any CPU
		{62DAA786-6B51-4201-B7E8-0A4C6850284A}.Debug|Any CPU.ActiveCfg = Debug|Any CPU
		{62DAA786-6B51-4201-B7E8-0A4C6850284A}.Debug|Any CPU.Build.0 = Debug|Any CPU
		{62DAA786-6B51-4201-B7E8-0A4C6850284A}.Debug|Mixed Platforms.ActiveCfg = Debug|Any CPU
		{62DAA786-6B51-4201-B7E8-0A4C6850284A}.Debug|Mixed Platforms.Build.0 = Debug|Any CPU
		{62DAA786-6B51-4201-B7E8-0A4C6850284A}.Debug|x86.ActiveCfg = Debug|Any CPU
		{62DAA786-6B51-4201-B7E8-0A4C6850284A}.Release|Any CPU.ActiveCfg = Release|Any CPU
		{62DAA786-6B51-4201-B7E8-0A4C6850284A}.Release|Any CPU.Build.0 = Release|Any CPU
		{62DAA786-6B51-4201-B7E8-0A4C6850284A}.Release|Mixed Platforms.ActiveCfg = Release|Any CPU
		{62DAA786-6B51-4201-B7E8-0A4C6850284A}.Release|Mixed Platforms.Build.0 = Release|Any CPU
		{62DAA786-6B51-4201-B7E8-0A4C6850284A}.Release|x86.ActiveCfg = Release|Any CPU
		{3883AF59-230E-42F5-B909-91BA232DA006}.Debug|Any CPU.ActiveCfg = Debug|x86
		{3883AF59-230E-42F5-B909-91BA232DA006}.Debug|Mixed Platforms.ActiveCfg = Debug|x86
		{3883AF59-230E-42F5-B909-91BA232DA006}.Debug|Mixed Platforms.Build.0 = Debug|x86
		{3883AF59-230E-42F5-B909-91BA232DA006}.Debug|x86.ActiveCfg = Debug|x86
		{3883AF59-230E-42F5-B909-91BA232DA006}.Debug|x86.Build.0 = Debug|x86
		{3883AF59-230E-42F5-B909-91BA232DA006}.Release|Any CPU.ActiveCfg = Release|x86
		{3883AF59-230E-42F5-B909-91BA232DA006}.Release|Mixed Platforms.ActiveCfg = Release|x86
		{3883AF59-230E-42F5-B909-91BA232DA006}.Release|Mixed Platforms.Build.0 = Release|x86
		{3883AF59-230E-42F5-B909-91BA232DA006}.Release|x86.ActiveCfg = Release|x86
		{3883AF59-230E-42F5-B909-91BA232DA006}.Release|x86.Build.0 = Release|x86
		{DF16F702-5CCA-4034-BB2C-41AB7CF42146}.Debug|Any CPU.ActiveCfg = Debug|x86
		{DF16F702-5CCA-4034-BB2C-41AB7CF42146}.Debug|Mixed Platforms.ActiveCfg = Debug|x86
		{DF16F702-5CCA-4034-BB2C-41AB7CF42146}.Debug|Mixed Platforms.Build.0 = Debug|x86
		{DF16F702-5CCA-4034-BB2C-41AB7CF42146}.Debug|x86.ActiveCfg = Debug|x86
		{DF16F702-5CCA-4034-BB2C-41AB7CF42146}.Debug|x86.Build.0 = Debug|x86
		{DF16F702-5CCA-4034-BB2C-41AB7CF42146}.Release|Any CPU.ActiveCfg = Release|x86
		{DF16F702-5CCA-4034-BB2C-41AB7CF42146}.Release|Mixed Platforms.ActiveCfg = Release|x86
		{DF16F702-5CCA-4034-BB2C-41AB7CF42146}.Release|Mixed Platforms.Build.0 = Release|x86
		{DF16F702-5CCA-4034-BB2C-41AB7CF42146}.Release|x86.ActiveCfg = Release|x86
		{DF16F702-5CCA-4034-BB2C-41AB7CF42146}.Release|x86.Build.0 = Release|x86
	EndGlobalSection
	GlobalSection(SolutionProperties) = preSolution
		HideSolutionNode = FALSE
	EndGlobalSection
EndGlobal
