
Microsoft Visual Studio Solution File, Format Version 11.00
# Visual Studio 2010
Project("{FAE04EC0-301F-11D3-BF4B-00C04F79EFBC}") = "Biblioteca de Clases", "Biblioteca de Clases\Biblioteca de Clases.csproj", "{38F7C37E-D093-441E-AB6A-0DDBD2AF9047}"
EndProject
Project("{FAE04EC0-301F-11D3-BF4B-00C04F79EFBC}") = "Test", "Test\Test.csproj", "{4B5D7AF6-CBC6-4BF5-9216-01C99182FB9A}"
EndProject
Project("{FAE04EC0-301F-11D3-BF4B-00C04F79EFBC}") = "WPF", "WPF\WPF.csproj", "{F7E8674B-9E8D-4658-8ED5-5A0A3E80D15E}"
EndProject
Global
	GlobalSection(SolutionConfigurationPlatforms) = preSolution
		Debug|Any CPU = Debug|Any CPU
		Debug|Mixed Platforms = Debug|Mixed Platforms
		Debug|x86 = Debug|x86
		Release|Any CPU = Release|Any CPU
		Release|Mixed Platforms = Release|Mixed Platforms
		Release|x86 = Release|x86
	EndGlobalSection
	GlobalSection(ProjectConfigurationPlatforms) = postSolution
		{38F7C37E-D093-441E-AB6A-0DDBD2AF9047}.Debug|Any CPU.ActiveCfg = Debug|Any CPU
		{38F7C37E-D093-441E-AB6A-0DDBD2AF9047}.Debug|Any CPU.Build.0 = Debug|Any CPU
		{38F7C37E-D093-441E-AB6A-0DDBD2AF9047}.Debug|Mixed Platforms.ActiveCfg = Debug|Any CPU
		{38F7C37E-D093-441E-AB6A-0DDBD2AF9047}.Debug|Mixed Platforms.Build.0 = Debug|Any CPU
		{38F7C37E-D093-441E-AB6A-0DDBD2AF9047}.Debug|x86.ActiveCfg = Debug|Any CPU
		{38F7C37E-D093-441E-AB6A-0DDBD2AF9047}.Release|Any CPU.ActiveCfg = Release|Any CPU
		{38F7C37E-D093-441E-AB6A-0DDBD2AF9047}.Release|Any CPU.Build.0 = Release|Any CPU
		{38F7C37E-D093-441E-AB6A-0DDBD2AF9047}.Release|Mixed Platforms.ActiveCfg = Release|Any CPU
		{38F7C37E-D093-441E-AB6A-0DDBD2AF9047}.Release|Mixed Platforms.Build.0 = Release|Any CPU
		{38F7C37E-D093-441E-AB6A-0DDBD2AF9047}.Release|x86.ActiveCfg = Release|Any CPU
		{4B5D7AF6-CBC6-4BF5-9216-01C99182FB9A}.Debug|Any CPU.ActiveCfg = Debug|x86
		{4B5D7AF6-CBC6-4BF5-9216-01C99182FB9A}.Debug|Mixed Platforms.ActiveCfg = Debug|x86
		{4B5D7AF6-CBC6-4BF5-9216-01C99182FB9A}.Debug|Mixed Platforms.Build.0 = Debug|x86
		{4B5D7AF6-CBC6-4BF5-9216-01C99182FB9A}.Debug|x86.ActiveCfg = Debug|x86
		{4B5D7AF6-CBC6-4BF5-9216-01C99182FB9A}.Debug|x86.Build.0 = Debug|x86
		{4B5D7AF6-CBC6-4BF5-9216-01C99182FB9A}.Release|Any CPU.ActiveCfg = Release|x86
		{4B5D7AF6-CBC6-4BF5-9216-01C99182FB9A}.Release|Mixed Platforms.ActiveCfg = Release|x86
		{4B5D7AF6-CBC6-4BF5-9216-01C99182FB9A}.Release|Mixed Platforms.Build.0 = Release|x86
		{4B5D7AF6-CBC6-4BF5-9216-01C99182FB9A}.Release|x86.ActiveCfg = Release|x86
		{4B5D7AF6-CBC6-4BF5-9216-01C99182FB9A}.Release|x86.Build.0 = Release|x86
		{F7E8674B-9E8D-4658-8ED5-5A0A3E80D15E}.Debug|Any CPU.ActiveCfg = Debug|x86
		{F7E8674B-9E8D-4658-8ED5-5A0A3E80D15E}.Debug|Mixed Platforms.ActiveCfg = Debug|x86
		{F7E8674B-9E8D-4658-8ED5-5A0A3E80D15E}.Debug|Mixed Platforms.Build.0 = Debug|x86
		{F7E8674B-9E8D-4658-8ED5-5A0A3E80D15E}.Debug|x86.ActiveCfg = Debug|x86
		{F7E8674B-9E8D-4658-8ED5-5A0A3E80D15E}.Debug|x86.Build.0 = Debug|x86
		{F7E8674B-9E8D-4658-8ED5-5A0A3E80D15E}.Release|Any CPU.ActiveCfg = Release|x86
		{F7E8674B-9E8D-4658-8ED5-5A0A3E80D15E}.Release|Mixed Platforms.ActiveCfg = Release|x86
		{F7E8674B-9E8D-4658-8ED5-5A0A3E80D15E}.Release|Mixed Platforms.Build.0 = Release|x86
		{F7E8674B-9E8D-4658-8ED5-5A0A3E80D15E}.Release|x86.ActiveCfg = Release|x86
		{F7E8674B-9E8D-4658-8ED5-5A0A3E80D15E}.Release|x86.Build.0 = Release|x86
	EndGlobalSection
	GlobalSection(SolutionProperties) = preSolution
		HideSolutionNode = FALSE
	EndGlobalSection
EndGlobal
